
Microsoft Visual Studio Solution File, Format Version 12.00
# Visual Studio Version 16
VisualStudioVersion = 16.0.30114.128
MinimumVisualStudioVersion = 10.0.40219.1
Project("{FAE04EC0-301F-11D3-BF4B-00C04F79EFBC}") = "BookMan.Mvc", "BookMan.Mvc\BookMan.Mvc.csproj", "{15DBA80A-070A-4CD2-B72B-A4531BE50CA7}"
EndProject
Global
	GlobalSection(SolutionConfigurationPlatforms) = preSolution
		Debug|Any CPU = Debug|Any CPU
		Release|Any CPU = Release|Any CPU
	EndGlobalSection
	GlobalSection(ProjectConfigurationPlatforms) = postSolution
		{15DBA80A-070A-4CD2-B72B-A4531BE50CA7}.Debug|Any CPU.ActiveCfg = Debug|Any CPU
		{15DBA80A-070A-4CD2-B72B-A4531BE50CA7}.Debug|Any CPU.Build.0 = Debug|Any CPU
		{15DBA80A-070A-4CD2-B72B-A4531BE50CA7}.Release|Any CPU.ActiveCfg = Release|Any CPU
		{15DBA80A-070A-4CD2-B72B-A4531BE50CA7}.Release|Any CPU.Build.0 = Release|Any CPU
	EndGlobalSection
	GlobalSection(SolutionProperties) = preSolution
		HideSolutionNode = FALSE
	EndGlobalSection
	GlobalSection(ExtensibilityGlobals) = postSolution
		SolutionGuid = {A10E6CCA-6368-4FE2-9194-C372AB2692D8}
	EndGlobalSection
EndGlobal
